
Microsoft Visual Studio Solution File, Format Version 12.00
# Visual Studio 15
VisualStudioVersion = 15.0.26127.3
MinimumVisualStudioVersion = 10.0.40219.1
Project("{2150E333-8FDC-42A3-9474-1A3956D46DE8}") = "src", "src", "{069D0474-2205-4F26-ADF3-87277F3E6D4D}"
EndProject
Project("{2150E333-8FDC-42A3-9474-1A3956D46DE8}") = "Solution Items", "Solution Items", "{B29660A5-27D8-4585-B34F-12745FC46AD5}"
	ProjectSection(SolutionItems) = preProject
		global.json = global.json
	EndProjectSection
EndProject
Project("{9A19103F-16F7-4668-BE54-9A1E7A4F7556}") = "SmSimple.Core", "src\SmSimple.Core\SmSimple.Core.csproj", "{95AA6EBA-DE9F-4739-B5D2-A0AF44F0E8B0}"
EndProject
Global
	GlobalSection(SolutionConfigurationPlatforms) = preSolution
		Debug|Any CPU = Debug|Any CPU
		Debug|x64 = Debug|x64
		Debug|x86 = Debug|x86
		Release|Any CPU = Release|Any CPU
		Release|x64 = Release|x64
		Release|x86 = Release|x86
	EndGlobalSection
	GlobalSection(ProjectConfigurationPlatforms) = postSolution
		{95AA6EBA-DE9F-4739-B5D2-A0AF44F0E8B0}.Debug|Any CPU.ActiveCfg = Debug|Any CPU
		{95AA6EBA-DE9F-4739-B5D2-A0AF44F0E8B0}.Debug|Any CPU.Build.0 = Debug|Any CPU
		{95AA6EBA-DE9F-4739-B5D2-A0AF44F0E8B0}.Debug|x64.ActiveCfg = Debug|x64
		{95AA6EBA-DE9F-4739-B5D2-A0AF44F0E8B0}.Debug|x64.Build.0 = Debug|x64
		{95AA6EBA-DE9F-4739-B5D2-A0AF44F0E8B0}.Debug|x86.ActiveCfg = Debug|x86
		{95AA6EBA-DE9F-4739-B5D2-A0AF44F0E8B0}.Debug|x86.Build.0 = Debug|x86
		{95AA6EBA-DE9F-4739-B5D2-A0AF44F0E8B0}.Release|Any CPU.ActiveCfg = Release|Any CPU
		{95AA6EBA-DE9F-4739-B5D2-A0AF44F0E8B0}.Release|Any CPU.Build.0 = Release|Any CPU
		{95AA6EBA-DE9F-4739-B5D2-A0AF44F0E8B0}.Release|x64.ActiveCfg = Release|x64
		{95AA6EBA-DE9F-4739-B5D2-A0AF44F0E8B0}.Release|x64.Build.0 = Release|x64
		{95AA6EBA-DE9F-4739-B5D2-A0AF44F0E8B0}.Release|x86.ActiveCfg = Release|x86
		{95AA6EBA-DE9F-4739-B5D2-A0AF44F0E8B0}.Release|x86.Build.0 = Release|x86
	EndGlobalSection
	GlobalSection(SolutionProperties) = preSolution
		HideSolutionNode = FALSE
	EndGlobalSection
	GlobalSection(NestedProjects) = preSolution
		{95AA6EBA-DE9F-4739-B5D2-A0AF44F0E8B0} = {069D0474-2205-4F26-ADF3-87277F3E6D4D}
	EndGlobalSection
EndGlobal
